// !$*UTF8*$!
{
	archiveVersion = 1;
	classes = {
	};
	objectVersion = 50;
	objects = {

/* Begin PBXBuildFile section */
		C1F3BC282641A7710027AFCE /* MemorizeApp.swift in Sources */ = {isa = PBXBuildFile; fileRef = C1F3BC272641A7710027AFCE /* MemorizeApp.swift */; };
		C1F3BC2A2641A7710027AFCE /* EmojiMemoryGameView.swift in Sources */ = {isa = PBXBuildFile; fileRef = C1F3BC292641A7710027AFCE /* EmojiMemoryGameView.swift */; };
		C1F3BC2C2641A7730027AFCE /* Assets.xcassets in Resources */ = {isa = PBXBuildFile; fileRef = C1F3BC2B2641A7730027AFCE /* Assets.xcassets */; };
		C1F3BC2F2641A7730027AFCE /* Preview Assets.xcassets in Resources */ = {isa = PBXBuildFile; fileRef = C1F3BC2E2641A7730027AFCE /* Preview Assets.xcassets */; };
		C1F3BC3A2641A7740027AFCE /* MemorizeTests.swift in Sources */ = {isa = PBXBuildFile; fileRef = C1F3BC392641A7740027AFCE /* MemorizeTests.swift */; };
		C1F3BC452641A7740027AFCE /* MemorizeUITests.swift in Sources */ = {isa = PBXBuildFile; fileRef = C1F3BC442641A7740027AFCE /* MemorizeUITests.swift */; };
		C1F3BC562641A8C70027AFCE /* MemorizeGame.swift in Sources */ = {isa = PBXBuildFile; fileRef = C1F3BC552641A8C70027AFCE /* MemorizeGame.swift */; };
		C1F3BC5B2641A8E30027AFCE /* EmojiMemoryGame.swift in Sources */ = {isa = PBXBuildFile; fileRef = C1F3BC5A2641A8E30027AFCE /* EmojiMemoryGame.swift */; };
		C1F3BCA8264552230027AFCE /* Grid.swift in Sources */ = {isa = PBXBuildFile; fileRef = C1F3BCA7264552230027AFCE /* Grid.swift */; };
		C1F3BCAD26455AAF0027AFCE /* GridLayout.swift in Sources */ = {isa = PBXBuildFile; fileRef = C1F3BCAC26455AAF0027AFCE /* GridLayout.swift */; };
		C1F3BCB226456B320027AFCE /* Array+Identifiable.swift in Sources */ = {isa = PBXBuildFile; fileRef = C1F3BCB126456B320027AFCE /* Array+Identifiable.swift */; };
/* End PBXBuildFile section */

/* Begin PBXContainerItemProxy section */
		C1F3BC362641A7740027AFCE /* PBXContainerItemProxy */ = {
			isa = PBXContainerItemProxy;
			containerPortal = C1F3BC1C2641A7710027AFCE /* Project object */;
			proxyType = 1;
			remoteGlobalIDString = C1F3BC232641A7710027AFCE;
			remoteInfo = Memorize;
		};
		C1F3BC412641A7740027AFCE /* PBXContainerItemProxy */ = {
			isa = PBXContainerItemProxy;
			containerPortal = C1F3BC1C2641A7710027AFCE /* Project object */;
			proxyType = 1;
			remoteGlobalIDString = C1F3BC232641A7710027AFCE;
			remoteInfo = Memorize;
		};
/* End PBXContainerItemProxy section */

/* Begin PBXFileReference section */
		C1F3BC242641A7710027AFCE /* Memorize.app */ = {isa = PBXFileReference; explicitFileType = wrapper.application; includeInIndex = 0; path = Memorize.app; sourceTree = BUILT_PRODUCTS_DIR; };
		C1F3BC272641A7710027AFCE /* MemorizeApp.swift */ = {isa = PBXFileReference; lastKnownFileType = sourcecode.swift; path = MemorizeApp.swift; sourceTree = "<group>"; };
		C1F3BC292641A7710027AFCE /* EmojiMemoryGameView.swift */ = {isa = PBXFileReference; lastKnownFileType = sourcecode.swift; path = EmojiMemoryGameView.swift; sourceTree = "<group>"; };
		C1F3BC2B2641A7730027AFCE /* Assets.xcassets */ = {isa = PBXFileReference; lastKnownFileType = folder.assetcatalog; path = Assets.xcassets; sourceTree = "<group>"; };
		C1F3BC2E2641A7730027AFCE /* Preview Assets.xcassets */ = {isa = PBXFileReference; lastKnownFileType = folder.assetcatalog; path = "Preview Assets.xcassets"; sourceTree = "<group>"; };
		C1F3BC302641A7730027AFCE /* Info.plist */ = {isa = PBXFileReference; lastKnownFileType = text.plist.xml; path = Info.plist; sourceTree = "<group>"; };
		C1F3BC352641A7740027AFCE /* MemorizeTests.xctest */ = {isa = PBXFileReference; explicitFileType = wrapper.cfbundle; includeInIndex = 0; path = MemorizeTests.xctest; sourceTree = BUILT_PRODUCTS_DIR; };
		C1F3BC392641A7740027AFCE /* MemorizeTests.swift */ = {isa = PBXFileReference; lastKnownFileType = sourcecode.swift; path = MemorizeTests.swift; sourceTree = "<group>"; };
		C1F3BC3B2641A7740027AFCE /* Info.plist */ = {isa = PBXFileReference; lastKnownFileType = text.plist.xml; path = Info.plist; sourceTree = "<group>"; };
		C1F3BC402641A7740027AFCE /* MemorizeUITests.xctest */ = {isa = PBXFileReference; explicitFileType = wrapper.cfbundle; includeInIndex = 0; path = MemorizeUITests.xctest; sourceTree = BUILT_PRODUCTS_DIR; };
		C1F3BC442641A7740027AFCE /* MemorizeUITests.swift */ = {isa = PBXFileReference; lastKnownFileType = sourcecode.swift; path = MemorizeUITests.swift; sourceTree = "<group>"; };
		C1F3BC462641A7740027AFCE /* Info.plist */ = {isa = PBXFileReference; lastKnownFileType = text.plist.xml; path = Info.plist; sourceTree = "<group>"; };
		C1F3BC552641A8C70027AFCE /* MemorizeGame.swift */ = {isa = PBXFileReference; lastKnownFileType = sourcecode.swift; path = MemorizeGame.swift; sourceTree = "<group>"; };
		C1F3BC5A2641A8E30027AFCE /* EmojiMemoryGame.swift */ = {isa = PBXFileReference; lastKnownFileType = sourcecode.swift; path = EmojiMemoryGame.swift; sourceTree = "<group>"; };
		C1F3BCA7264552230027AFCE /* Grid.swift */ = {isa = PBXFileReference; lastKnownFileType = sourcecode.swift; path = Grid.swift; sourceTree = "<group>"; };
		C1F3BCAC26455AAF0027AFCE /* GridLayout.swift */ = {isa = PBXFileReference; fileEncoding = 4; lastKnownFileType = sourcecode.swift; path = GridLayout.swift; sourceTree = "<group>"; };
		C1F3BCB126456B320027AFCE /* Array+Identifiable.swift */ = {isa = PBXFileReference; lastKnownFileType = sourcecode.swift; path = "Array+Identifiable.swift"; sourceTree = "<group>"; };
/* End PBXFileReference section */

/* Begin PBXFrameworksBuildPhase section */
		C1F3BC212641A7710027AFCE /* Frameworks */ = {
			isa = PBXFrameworksBuildPhase;
			buildActionMask = 2147483647;
			files = (
			);
			runOnlyForDeploymentPostprocessing = 0;
		};
		C1F3BC322641A7740027AFCE /* Frameworks */ = {
			isa = PBXFrameworksBuildPhase;
			buildActionMask = 2147483647;
			files = (
			);
			runOnlyForDeploymentPostprocessing = 0;
		};
		C1F3BC3D2641A7740027AFCE /* Frameworks */ = {
			isa = PBXFrameworksBuildPhase;
			buildActionMask = 2147483647;
			files = (
			);
			runOnlyForDeploymentPostprocessing = 0;
		};
/* End PBXFrameworksBuildPhase section */

/* Begin PBXGroup section */
		C1F3BC1B2641A7710027AFCE = {
			isa = PBXGroup;
			children = (
				C1F3BC262641A7710027AFCE /* Memorize */,
				C1F3BC382641A7740027AFCE /* MemorizeTests */,
				C1F3BC432641A7740027AFCE /* MemorizeUITests */,
				C1F3BC252641A7710027AFCE /* Products */,
			);
			sourceTree = "<group>";
		};
		C1F3BC252641A7710027AFCE /* Products */ = {
			isa = PBXGroup;
			children = (
				C1F3BC242641A7710027AFCE /* Memorize.app */,
				C1F3BC352641A7740027AFCE /* MemorizeTests.xctest */,
				C1F3BC402641A7740027AFCE /* MemorizeUITests.xctest */,
			);
			name = Products;
			sourceTree = "<group>";
		};
		C1F3BC262641A7710027AFCE /* Memorize */ = {
			isa = PBXGroup;
			children = (
				C1F3BCAC26455AAF0027AFCE /* GridLayout.swift */,
				C1F3BC272641A7710027AFCE /* MemorizeApp.swift */,
				C1F3BC292641A7710027AFCE /* EmojiMemoryGameView.swift */,
				C1F3BCA7264552230027AFCE /* Grid.swift */,
				C1F3BCB126456B320027AFCE /* Array+Identifiable.swift */,
				C1F3BC2B2641A7730027AFCE /* Assets.xcassets */,
				C1F3BC302641A7730027AFCE /* Info.plist */,
				C1F3BC2D2641A7730027AFCE /* Preview Content */,
				C1F3BC552641A8C70027AFCE /* MemorizeGame.swift */,
				C1F3BC5A2641A8E30027AFCE /* EmojiMemoryGame.swift */,
			);
			path = Memorize;
			sourceTree = "<group>";
		};
		C1F3BC2D2641A7730027AFCE /* Preview Content */ = {
			isa = PBXGroup;
			children = (
				C1F3BC2E2641A7730027AFCE /* Preview Assets.xcassets */,
			);
			path = "Preview Content";
			sourceTree = "<group>";
		};
		C1F3BC382641A7740027AFCE /* MemorizeTests */ = {
			isa = PBXGroup;
			children = (
				C1F3BC392641A7740027AFCE /* MemorizeTests.swift */,
				C1F3BC3B2641A7740027AFCE /* Info.plist */,
			);
			path = MemorizeTests;
			sourceTree = "<group>";
		};
		C1F3BC432641A7740027AFCE /* MemorizeUITests */ = {
			isa = PBXGroup;
			children = (
				C1F3BC442641A7740027AFCE /* MemorizeUITests.swift */,
				C1F3BC462641A7740027AFCE /* Info.plist */,
			);
			path = MemorizeUITests;
			sourceTree = "<group>";
		};
/* End PBXGroup section */

/* Begin PBXNativeTarget section */
		C1F3BC232641A7710027AFCE /* Memorize */ = {
			isa = PBXNativeTarget;
			buildConfigurationList = C1F3BC492641A7740027AFCE /* Build configuration list for PBXNativeTarget "Memorize" */;
			buildPhases = (
				C1F3BC202641A7710027AFCE /* Sources */,
				C1F3BC212641A7710027AFCE /* Frameworks */,
				C1F3BC222641A7710027AFCE /* Resources */,
			);
			buildRules = (
			);
			dependencies = (
			);
			name = Memorize;
			productName = Memorize;
			productReference = C1F3BC242641A7710027AFCE /* Memorize.app */;
			productType = "com.apple.product-type.application";
		};
		C1F3BC342641A7740027AFCE /* MemorizeTests */ = {
			isa = PBXNativeTarget;
			buildConfigurationList = C1F3BC4C2641A7740027AFCE /* Build configuration list for PBXNativeTarget "MemorizeTests" */;
			buildPhases = (
				C1F3BC312641A7740027AFCE /* Sources */,
				C1F3BC322641A7740027AFCE /* Frameworks */,
				C1F3BC332641A7740027AFCE /* Resources */,
			);
			buildRules = (
			);
			dependencies = (
				C1F3BC372641A7740027AFCE /* PBXTargetDependency */,
			);
			name = MemorizeTests;
			productName = MemorizeTests;
			productReference = C1F3BC352641A7740027AFCE /* MemorizeTests.xctest */;
			productType = "com.apple.product-type.bundle.unit-test";
		};
		C1F3BC3F2641A7740027AFCE /* MemorizeUITests */ = {
			isa = PBXNativeTarget;
			buildConfigurationList = C1F3BC4F2641A7740027AFCE /* Build configuration list for PBXNativeTarget "MemorizeUITests" */;
			buildPhases = (
				C1F3BC3C2641A7740027AFCE /* Sources */,
				C1F3BC3D2641A7740027AFCE /* Frameworks */,
				C1F3BC3E2641A7740027AFCE /* Resources */,
			);
			buildRules = (
			);
			dependencies = (
				C1F3BC422641A7740027AFCE /* PBXTargetDependency */,
			);
			name = MemorizeUITests;
			productName = MemorizeUITests;
			productReference = C1F3BC402641A7740027AFCE /* MemorizeUITests.xctest */;
			productType = "com.apple.product-type.bundle.ui-testing";
		};
/* End PBXNativeTarget section */

/* Begin PBXProject section */
		C1F3BC1C2641A7710027AFCE /* Project object */ = {
			isa = PBXProject;
			attributes = {
				LastSwiftUpdateCheck = 1220;
				LastUpgradeCheck = 1220;
				TargetAttributes = {
					C1F3BC232641A7710027AFCE = {
						CreatedOnToolsVersion = 12.2;
					};
					C1F3BC342641A7740027AFCE = {
						CreatedOnToolsVersion = 12.2;
						TestTargetID = C1F3BC232641A7710027AFCE;
					};
					C1F3BC3F2641A7740027AFCE = {
						CreatedOnToolsVersion = 12.2;
						TestTargetID = C1F3BC232641A7710027AFCE;
					};
				};
			};
			buildConfigurationList = C1F3BC1F2641A7710027AFCE /* Build configuration list for PBXProject "Memorize" */;
			compatibilityVersion = "Xcode 9.3";
			developmentRegion = en;
			hasScannedForEncodings = 0;
			knownRegions = (
				en,
				Base,
			);
			mainGroup = C1F3BC1B2641A7710027AFCE;
			productRefGroup = C1F3BC252641A7710027AFCE /* Products */;
			projectDirPath = "";
			projectRoot = "";
			targets = (
				C1F3BC232641A7710027AFCE /* Memorize */,
				C1F3BC342641A7740027AFCE /* MemorizeTests */,
				C1F3BC3F2641A7740027AFCE /* MemorizeUITests */,
			);
		};
/* End PBXProject section */

/* Begin PBXResourcesBuildPhase section */
		C1F3BC222641A7710027AFCE /* Resources */ = {
			isa = PBXResourcesBuildPhase;
			buildActionMask = 2147483647;
			files = (
				C1F3BC2F2641A7730027AFCE /* Preview Assets.xcassets in Resources */,
				C1F3BC2C2641A7730027AFCE /* Assets.xcassets in Resources */,
			);
			runOnlyForDeploymentPostprocessing = 0;
		};
		C1F3BC332641A7740027AFCE /* Resources */ = {
			isa = PBXResourcesBuildPhase;
			buildActionMask = 2147483647;
			files = (
			);
			runOnlyForDeploymentPostprocessing = 0;
		};
		C1F3BC3E2641A7740027AFCE /* Resources */ = {
			isa = PBXResourcesBuildPhase;
			buildActionMask = 2147483647;
			files = (
			);
			runOnlyForDeploymentPostprocessing = 0;
		};
/* End PBXResourcesBuildPhase section */

/* Begin PBXSourcesBuildPhase section */
		C1F3BC202641A7710027AFCE /* Sources */ = {
			isa = PBXSourcesBuildPhase;
			buildActionMask = 2147483647;
			files = (
				C1F3BC2A2641A7710027AFCE /* EmojiMemoryGameView.swift in Sources */,
				C1F3BC282641A7710027AFCE /* MemorizeApp.swift in Sources */,
				C1F3BC562641A8C70027AFCE /* MemorizeGame.swift in Sources */,
				C1F3BCAD26455AAF0027AFCE /* GridLayout.swift in Sources */,
				C1F3BCA8264552230027AFCE /* Grid.swift in Sources */,
				C1F3BCB226456B320027AFCE /* Array+Identifiable.swift in Sources */,
				C1F3BC5B2641A8E30027AFCE /* EmojiMemoryGame.swift in Sources */,
			);
			runOnlyForDeploymentPostprocessing = 0;
		};
		C1F3BC312641A7740027AFCE /* Sources */ = {
			isa = PBXSourcesBuildPhase;
			buildActionMask = 2147483647;
			files = (
				C1F3BC3A2641A7740027AFCE /* MemorizeTests.swift in Sources */,
			);
			runOnlyForDeploymentPostprocessing = 0;
		};
		C1F3BC3C2641A7740027AFCE /* Sources */ = {
			isa = PBXSourcesBuildPhase;
			buildActionMask = 2147483647;
			files = (
				C1F3BC452641A7740027AFCE /* MemorizeUITests.swift in Sources */,
			);
			runOnlyForDeploymentPostprocessing = 0;
		};
/* End PBXSourcesBuildPhase section */

/* Begin PBXTargetDependency section */
		C1F3BC372641A7740027AFCE /* PBXTargetDependency */ = {
			isa = PBXTargetDependency;
			target = C1F3BC232641A7710027AFCE /* Memorize */;
			targetProxy = C1F3BC362641A7740027AFCE /* PBXContainerItemProxy */;
		};
		C1F3BC422641A7740027AFCE /* PBXTargetDependency */ = {
			isa = PBXTargetDependency;
			target = C1F3BC232641A7710027AFCE /* Memorize */;
			targetProxy = C1F3BC412641A7740027AFCE /* PBXContainerItemProxy */;
		};
/* End PBXTargetDependency section */

/* Begin XCBuildConfiguration section */
		C1F3BC472641A7740027AFCE /* Debug */ = {
			isa = XCBuildConfiguration;
			buildSettings = {
				ALWAYS_SEARCH_USER_PATHS = NO;
				CLANG_ANALYZER_NONNULL = YES;
				CLANG_ANALYZER_NUMBER_OBJECT_CONVERSION = YES_AGGRESSIVE;
				CLANG_CXX_LANGUAGE_STANDARD = "gnu++14";
				CLANG_CXX_LIBRARY = "libc++";
				CLANG_ENABLE_MODULES = YES;
				CLANG_ENABLE_OBJC_ARC = YES;
				CLANG_ENABLE_OBJC_WEAK = YES;
				CLANG_WARN_BLOCK_CAPTURE_AUTORELEASING = YES;
				CLANG_WARN_BOOL_CONVERSION = YES;
				CLANG_WARN_COMMA = YES;
				CLANG_WARN_CONSTANT_CONVERSION = YES;
				CLANG_WARN_DEPRECATED_OBJC_IMPLEMENTATIONS = YES;
				CLANG_WARN_DIRECT_OBJC_ISA_USAGE = YES_ERROR;
				CLANG_WARN_DOCUMENTATION_COMMENTS = YES;
				CLANG_WARN_EMPTY_BODY = YES;
				CLANG_WARN_ENUM_CONVERSION = YES;
				CLANG_WARN_INFINITE_RECURSION = YES;
				CLANG_WARN_INT_CONVERSION = YES;
				CLANG_WARN_NON_LITERAL_NULL_CONVERSION = YES;
				CLANG_WARN_OBJC_IMPLICIT_RETAIN_SELF = YES;
				CLANG_WARN_OBJC_LITERAL_CONVERSION = YES;
				CLANG_WARN_OBJC_ROOT_CLASS = YES_ERROR;
				CLANG_WARN_QUOTED_INCLUDE_IN_FRAMEWORK_HEADER = YES;
				CLANG_WARN_RANGE_LOOP_ANALYSIS = YES;
				CLANG_WARN_STRICT_PROTOTYPES = YES;
				CLANG_WARN_SUSPICIOUS_MOVE = YES;
				CLANG_WARN_UNGUARDED_AVAILABILITY = YES_AGGRESSIVE;
				CLANG_WARN_UNREACHABLE_CODE = YES;
				CLANG_WARN__DUPLICATE_METHOD_MATCH = YES;
				COPY_PHASE_STRIP = NO;
				DEBUG_INFORMATION_FORMAT = dwarf;
				ENABLE_STRICT_OBJC_MSGSEND = YES;
				ENABLE_TESTABILITY = YES;
				GCC_C_LANGUAGE_STANDARD = gnu11;
				GCC_DYNAMIC_NO_PIC = NO;
				GCC_NO_COMMON_BLOCKS = YES;
				GCC_OPTIMIZATION_LEVEL = 0;
				GCC_PREPROCESSOR_DEFINITIONS = (
					"DEBUG=1",
					"$(inherited)",
				);
				GCC_WARN_64_TO_32_BIT_CONVERSION = YES;
				GCC_WARN_ABOUT_RETURN_TYPE = YES_ERROR;
				GCC_WARN_UNDECLARED_SELECTOR = YES;
				GCC_WARN_UNINITIALIZED_AUTOS = YES_AGGRESSIVE;
				GCC_WARN_UNUSED_FUNCTION = YES;
				GCC_WARN_UNUSED_VARIABLE = YES;
				IPHONEOS_DEPLOYMENT_TARGET = 14.2;
				MTL_ENABLE_DEBUG_INFO = INCLUDE_SOURCE;
				MTL_FAST_MATH = YES;
				ONLY_ACTIVE_ARCH = YES;
				SDKROOT = iphoneos;
				SWIFT_ACTIVE_COMPILATION_CONDITIONS = DEBUG;
				SWIFT_OPTIMIZATION_LEVEL = "-Onone";
			};
			name = Debug;
		};
		C1F3BC482641A7740027AFCE /* Release */ = {
			isa = XCBuildConfiguration;
			buildSettings = {
				ALWAYS_SEARCH_USER_PATHS = NO;
				CLANG_ANALYZER_NONNULL = YES;
				CLANG_ANALYZER_NUMBER_OBJECT_CONVERSION = YES_AGGRESSIVE;
				CLANG_CXX_LANGUAGE_STANDARD = "gnu++14";
				CLANG_CXX_LIBRARY = "libc++";
				CLANG_ENABLE_MODULES = YES;
				CLANG_ENABLE_OBJC_ARC = YES;
				CLANG_ENABLE_OBJC_WEAK = YES;
				CLANG_WARN_BLOCK_CAPTURE_AUTORELEASING = YES;
				CLANG_WARN_BOOL_CONVERSION = YES;
				CLANG_WARN_COMMA = YES;
				CLANG_WARN_CONSTANT_CONVERSION = YES;
				CLANG_WARN_DEPRECATED_OBJC_IMPLEMENTATIONS = YES;
				CLANG_WARN_DIRECT_OBJC_ISA_USAGE = YES_ERROR;
				CLANG_WARN_DOCUMENTATION_COMMENTS = YES;
				CLANG_WARN_EMPTY_BODY = YES;
				CLANG_WARN_ENUM_CONVERSION = YES;
				CLANG_WARN_INFINITE_RECURSION = YES;
				CLANG_WARN_INT_CONVERSION = YES;
				CLANG_WARN_NON_LITERAL_NULL_CONVERSION = YES;
				CLANG_WARN_OBJC_IMPLICIT_RETAIN_SELF = YES;
				CLANG_WARN_OBJC_LITERAL_CONVERSION = YES;
				CLANG_WARN_OBJC_ROOT_CLASS = YES_ERROR;
				CLANG_WARN_QUOTED_INCLUDE_IN_FRAMEWORK_HEADER = YES;
				CLANG_WARN_RANGE_LOOP_ANALYSIS = YES;
				CLANG_WARN_STRICT_PROTOTYPES = YES;
				CLANG_WARN_SUSPICIOUS_MOVE = YES;
				CLANG_WARN_UNGUARDED_AVAILABILITY = YES_AGGRESSIVE;
				CLANG_WARN_UNREACHABLE_CODE = YES;
				CLANG_WARN__DUPLICATE_METHOD_MATCH = YES;
				COPY_PHASE_STRIP = NO;
				DEBUG_INFORMATION_FORMAT = "dwarf-with-dsym";
				ENABLE_NS_ASSERTIONS = NO;
				ENABLE_STRICT_OBJC_MSGSEND = YES;
				GCC_C_LANGUAGE_STANDARD = gnu11;
				GCC_NO_COMMON_BLOCKS = YES;
				GCC_WARN_64_TO_32_BIT_CONVERSION = YES;
				GCC_WARN_ABOUT_RETURN_TYPE = YES_ERROR;
				GCC_WARN_UNDECLARED_SELECTOR = YES;
				GCC_WARN_UNINITIALIZED_AUTOS = YES_AGGRESSIVE;
				GCC_WARN_UNUSED_FUNCTION = YES;
				GCC_WARN_UNUSED_VARIABLE = YES;
				IPHONEOS_DEPLOYMENT_TARGET = 14.2;
				MTL_ENABLE_DEBUG_INFO = NO;
				MTL_FAST_MATH = YES;
				SDKROOT = iphoneos;
				SWIFT_COMPILATION_MODE = wholemodule;
				SWIFT_OPTIMIZATION_LEVEL = "-O";
				VALIDATE_PRODUCT = YES;
			};
			name = Release;
		};
		C1F3BC4A2641A7740027AFCE /* Debug */ = {
			isa = XCBuildConfiguration;
			buildSettings = {
				ASSETCATALOG_COMPILER_APPICON_NAME = AppIcon;
				ASSETCATALOG_COMPILER_GLOBAL_ACCENT_COLOR_NAME = AccentColor;
				CODE_SIGN_STYLE = Automatic;
				DEVELOPMENT_ASSET_PATHS = "\"Memorize/Preview Content\"";
				ENABLE_PREVIEWS = YES;
				INFOPLIST_FILE = Memorize/Info.plist;
				IPHONEOS_DEPLOYMENT_TARGET = 14.0;
				LD_RUNPATH_SEARCH_PATHS = (
					"$(inherited)",
					"@executable_path/Frameworks",
				);
				PRODUCT_BUNDLE_IDENTIFIER = vecpeng.Memorize;
				PRODUCT_NAME = "$(TARGET_NAME)";
				SWIFT_VERSION = 5.0;
				TARGETED_DEVICE_FAMILY = "1,2";
			};
			name = Debug;
		};
		C1F3BC4B2641A7740027AFCE /* Release */ = {
			isa = XCBuildConfiguration;
			buildSettings = {
				ASSETCATALOG_COMPILER_APPICON_NAME = AppIcon;
				ASSETCATALOG_COMPILER_GLOBAL_ACCENT_COLOR_NAME = AccentColor;
				CODE_SIGN_STYLE = Automatic;
				DEVELOPMENT_ASSET_PATHS = "\"Memorize/Preview Content\"";
				ENABLE_PREVIEWS = YES;
				INFOPLIST_FILE = Memorize/Info.plist;
				IPHONEOS_DEPLOYMENT_TARGET = 14.0;
				LD_RUNPATH_SEARCH_PATHS = (
					"$(inherited)",
					"@executable_path/Frameworks",
				);
				PRODUCT_BUNDLE_IDENTIFIER = vecpeng.Memorize;
				PRODUCT_NAME = "$(TARGET_NAME)";
				SWIFT_VERSION = 5.0;
				TARGETED_DEVICE_FAMILY = "1,2";
			};
			name = Release;
		};
		C1F3BC4D2641A7740027AFCE /* Debug */ = {
			isa = XCBuildConfiguration;
			buildSettings = {
				ALWAYS_EMBED_SWIFT_STANDARD_LIBRARIES = YES;
				BUNDLE_LOADER = "$(TEST_HOST)";
				CODE_SIGN_STYLE = Automatic;
				INFOPLIST_FILE = MemorizeTests/Info.plist;
				IPHONEOS_DEPLOYMENT_TARGET = 14.0;
				LD_RUNPATH_SEARCH_PATHS = (
					"$(inherited)",
					"@executable_path/Frameworks",
					"@loader_path/Frameworks",
				);
				PRODUCT_BUNDLE_IDENTIFIER = vecpeng.MemorizeTests;
				PRODUCT_NAME = "$(TARGET_NAME)";
				SWIFT_VERSION = 5.0;
				TARGETED_DEVICE_FAMILY = "1,2";
				TEST_HOST = "$(BUILT_PRODUCTS_DIR)/Memorize.app/Memorize";
			};
			name = Debug;
		};
		C1F3BC4E2641A7740027AFCE /* Release */ = {
			isa = XCBuildConfiguration;
			buildSettings = {
				ALWAYS_EMBED_SWIFT_STANDARD_LIBRARIES = YES;
				BUNDLE_LOADER = "$(TEST_HOST)";
				CODE_SIGN_STYLE = Automatic;
				INFOPLIST_FILE = MemorizeTests/Info.plist;
				IPHONEOS_DEPLOYMENT_TARGET = 14.0;
				LD_RUNPATH_SEARCH_PATHS = (
					"$(inherited)",
					"@executable_path/Frameworks",
					"@loader_path/Frameworks",
				);
				PRODUCT_BUNDLE_IDENTIFIER = vecpeng.MemorizeTests;
				PRODUCT_NAME = "$(TARGET_NAME)";
				SWIFT_VERSION = 5.0;
				TARGETED_DEVICE_FAMILY = "1,2";
				TEST_HOST = "$(BUILT_PRODUCTS_DIR)/Memorize.app/Memorize";
			};
			name = Release;
		};
		C1F3BC502641A7740027AFCE /* Debug */ = {
			isa = XCBuildConfiguration;
			buildSettings = {
				ALWAYS_EMBED_SWIFT_STANDARD_LIBRARIES = YES;
				CODE_SIGN_STYLE = Automatic;
				INFOPLIST_FILE = MemorizeUITests/Info.plist;
				LD_RUNPATH_SEARCH_PATHS = (
					"$(inherited)",
					"@executable_path/Frameworks",
					"@loader_path/Frameworks",
				);
				PRODUCT_BUNDLE_IDENTIFIER = vecpeng.MemorizeUITests;
				PRODUCT_NAME = "$(TARGET_NAME)";
				SWIFT_VERSION = 5.0;
				TARGETED_DEVICE_FAMILY = "1,2";
				TEST_TARGET_NAME = Memorize;
			};
			name = Debug;
		};
		C1F3BC512641A7740027AFCE /* Release */ = {
			isa = XCBuildConfiguration;
			buildSettings = {
				ALWAYS_EMBED_SWIFT_STANDARD_LIBRARIES = YES;
				CODE_SIGN_STYLE = Automatic;
				INFOPLIST_FILE = MemorizeUITests/Info.plist;
				LD_RUNPATH_SEARCH_PATHS = (
					"$(inherited)",
					"@executable_path/Frameworks",
					"@loader_path/Frameworks",
				);
				PRODUCT_BUNDLE_IDENTIFIER = vecpeng.MemorizeUITests;
				PRODUCT_NAME = "$(TARGET_NAME)";
				SWIFT_VERSION = 5.0;
				TARGETED_DEVICE_FAMILY = "1,2";
				TEST_TARGET_NAME = Memorize;
			};
			name = Release;
		};
/* End XCBuildConfiguration section */

/* Begin XCConfigurationList section */
		C1F3BC1F2641A7710027AFCE /* Build configuration list for PBXProject "Memorize" */ = {
			isa = XCConfigurationList;
			buildConfigurations = (
				C1F3BC472641A7740027AFCE /* Debug */,
				C1F3BC482641A7740027AFCE /* Release */,
			);
			defaultConfigurationIsVisible = 0;
			defaultConfigurationName = Release;
		};
		C1F3BC492641A7740027AFCE /* Build configuration list for PBXNativeTarget "Memorize" */ = {
			isa = XCConfigurationList;
			buildConfigurations = (
				C1F3BC4A2641A7740027AFCE /* Debug */,
				C1F3BC4B2641A7740027AFCE /* Release */,
			);
			defaultConfigurationIsVisible = 0;
			defaultConfigurationName = Release;
		};
		C1F3BC4C2641A7740027AFCE /* Build configuration list for PBXNativeTarget "MemorizeTests" */ = {
			isa = XCConfigurationList;
			buildConfigurations = (
				C1F3BC4D2641A7740027AFCE /* Debug */,
				C1F3BC4E2641A7740027AFCE /* Release */,
			);
			defaultConfigurationIsVisible = 0;
			defaultConfigurationName = Release;
		};
		C1F3BC4F2641A7740027AFCE /* Build configuration list for PBXNativeTarget "MemorizeUITests" */ = {
			isa = XCConfigurationList;
			buildConfigurations = (
				C1F3BC502641A7740027AFCE /* Debug */,
				C1F3BC512641A7740027AFCE /* Release */,
			);
			defaultConfigurationIsVisible = 0;
			defaultConfigurationName = Release;
		};
/* End XCConfigurationList section */
	};
	rootObject = C1F3BC1C2641A7710027AFCE /* Project object */;
}
